
Microsoft Visual Studio Solution File, Format Version 12.00
# Visual Studio Version 16
VisualStudioVersion = 16.0.30114.105
MinimumVisualStudioVersion = 10.0.40219.1
Project("{9A19103F-16F7-4668-BE54-9A1E7A4F7556}") = "HangfireService.Core", "HangfireService.Core\HangfireService.Core.csproj", "{9812016E-D28A-484D-80C4-05E28BCD3B40}"
EndProject
Project("{FAE04EC0-301F-11D3-BF4B-00C04F79EFBC}") = "HangfireService.Business", "HangfireService.Business\HangfireService.Business.csproj", "{3776400E-AA0F-41AB-AB01-5597DFD48D32}"
EndProject
Project("{FAE04EC0-301F-11D3-BF4B-00C04F79EFBC}") = "HangfireService.Commom", "HangfireService.Commom\HangfireService.Commom.csproj", "{F9CD3BC9-9AC5-4200-909D-CFE0D1C866F2}"
EndProject
Project("{FAE04EC0-301F-11D3-BF4B-00C04F79EFBC}") = "HangfireService.Model", "HangfireService.Model\HangfireService.Model.csproj", "{F9C72D39-4C14-4602-A686-2CD930A6364E}"
EndProject
Project("{FAE04EC0-301F-11D3-BF4B-00C04F79EFBC}") = "HangfireService.HttpJob", "HangfireService.HttpJob\HangfireService.HttpJob.csproj", "{F9518F06-4BFC-424E-A014-F9358481B447}"
EndProject
Global
	GlobalSection(SolutionConfigurationPlatforms) = preSolution
		Debug|Any CPU = Debug|Any CPU
		Release|Any CPU = Release|Any CPU
	EndGlobalSection
	GlobalSection(ProjectConfigurationPlatforms) = postSolution
		{9812016E-D28A-484D-80C4-05E28BCD3B40}.Debug|Any CPU.ActiveCfg = Debug|Any CPU
		{9812016E-D28A-484D-80C4-05E28BCD3B40}.Debug|Any CPU.Build.0 = Debug|Any CPU
		{9812016E-D28A-484D-80C4-05E28BCD3B40}.Release|Any CPU.ActiveCfg = Release|Any CPU
		{9812016E-D28A-484D-80C4-05E28BCD3B40}.Release|Any CPU.Build.0 = Release|Any CPU
		{3776400E-AA0F-41AB-AB01-5597DFD48D32}.Debug|Any CPU.ActiveCfg = Debug|Any CPU
		{3776400E-AA0F-41AB-AB01-5597DFD48D32}.Debug|Any CPU.Build.0 = Debug|Any CPU
		{3776400E-AA0F-41AB-AB01-5597DFD48D32}.Release|Any CPU.ActiveCfg = Release|Any CPU
		{3776400E-AA0F-41AB-AB01-5597DFD48D32}.Release|Any CPU.Build.0 = Release|Any CPU
		{F9CD3BC9-9AC5-4200-909D-CFE0D1C866F2}.Debug|Any CPU.ActiveCfg = Debug|Any CPU
		{F9CD3BC9-9AC5-4200-909D-CFE0D1C866F2}.Debug|Any CPU.Build.0 = Debug|Any CPU
		{F9CD3BC9-9AC5-4200-909D-CFE0D1C866F2}.Release|Any CPU.ActiveCfg = Release|Any CPU
		{F9CD3BC9-9AC5-4200-909D-CFE0D1C866F2}.Release|Any CPU.Build.0 = Release|Any CPU
		{F9C72D39-4C14-4602-A686-2CD930A6364E}.Debug|Any CPU.ActiveCfg = Debug|Any CPU
		{F9C72D39-4C14-4602-A686-2CD930A6364E}.Debug|Any CPU.Build.0 = Debug|Any CPU
		{F9C72D39-4C14-4602-A686-2CD930A6364E}.Release|Any CPU.ActiveCfg = Release|Any CPU
		{F9C72D39-4C14-4602-A686-2CD930A6364E}.Release|Any CPU.Build.0 = Release|Any CPU
		{F9518F06-4BFC-424E-A014-F9358481B447}.Debug|Any CPU.ActiveCfg = Debug|Any CPU
		{F9518F06-4BFC-424E-A014-F9358481B447}.Debug|Any CPU.Build.0 = Debug|Any CPU
		{F9518F06-4BFC-424E-A014-F9358481B447}.Release|Any CPU.ActiveCfg = Release|Any CPU
		{F9518F06-4BFC-424E-A014-F9358481B447}.Release|Any CPU.Build.0 = Release|Any CPU
	EndGlobalSection
	GlobalSection(SolutionProperties) = preSolution
		HideSolutionNode = FALSE
	EndGlobalSection
	GlobalSection(ExtensibilityGlobals) = postSolution
		SolutionGuid = {CC43EABF-1146-4695-B18B-F8D1583B564A}
	EndGlobalSection
EndGlobal
